
Microsoft Visual Studio Solution File, Format Version 12.00
# Visual Studio Version 17
VisualStudioVersion = 17.11.35327.3
MinimumVisualStudioVersion = 10.0.40219.1
Project("{FAE04EC0-301F-11D3-BF4B-00C04F79EFBC}") = "CRUD_App_With_MYSQL_VCoder", "CRUD_App_With_MYSQL_VCoder.csproj", "{21A83920-74A1-4AA6-B0F2-B6DDDF74206E}"
EndProject
Global
	GlobalSection(SolutionConfigurationPlatforms) = preSolution
		Debug|Any CPU = Debug|Any CPU
		Release|Any CPU = Release|Any CPU
	EndGlobalSection
	GlobalSection(ProjectConfigurationPlatforms) = postSolution
		{21A83920-74A1-4AA6-B0F2-B6DDDF74206E}.Debug|Any CPU.ActiveCfg = Debug|Any CPU
		{21A83920-74A1-4AA6-B0F2-B6DDDF74206E}.Debug|Any CPU.Build.0 = Debug|Any CPU
		{21A83920-74A1-4AA6-B0F2-B6DDDF74206E}.Release|Any CPU.ActiveCfg = Release|Any CPU
		{21A83920-74A1-4AA6-B0F2-B6DDDF74206E}.Release|Any CPU.Build.0 = Release|Any CPU
	EndGlobalSection
	GlobalSection(SolutionProperties) = preSolution
		HideSolutionNode = FALSE
	EndGlobalSection
	GlobalSection(ExtensibilityGlobals) = postSolution
		SolutionGuid = {757A0E75-DF0C-4F76-9009-B4A4FA7A2544}
	EndGlobalSection
EndGlobal
